{
  "name": "vdpm",
  "lockfileVersion": 3,
  "requires": true,
  "packages": {
    "": {
      "dependencies": {
        "sha2": "^1.0.2"
      }
    },
    "node_modules/sha2": {
      "version": "1.0.2",
      "resolved": "https://registry.npmjs.org/sha2/-/sha2-1.0.2.tgz",
      "integrity": "sha512-sQ1sFn+WN2weGkwwt25bllwocaJLyYeDrn/T221Bovc6XEHRf7NSn0KPoPQMV2+NT+RhJoStkdm4TrEGCXkKHA==",
      "license": "MIT",
      "engines": {
        "node": ">=6.4.0"
      }
    }
  }
}
